{
	"name": "lcap-app-Vsjdkwwm",
	"version": "1.0.8",
	"lockfileVersion": 2,
	"requires": true,
	"packages": {
		"": {
			"name": "lcap-app-Vsjdkwwm",
			"version": "1.0.8",
			"dependencies": {
				"@cloudbase/weda-client": "stable",
				"lodash.get": "^4.4.2",
				"lodash.set": "^4.3.2",
				"miniprogram-api-promise": "^1.0.4",
				"miniprogram-gesture": "^1.0.6",
				"mobx": "^5.15.4"
			}
		},
		"node_modules/@cloudbase/adapter-interface": {
			"version": "0.4.1",
			"resolved": "https://repo.huaweicloud.com/repository/npm/@cloudbase/adapter-interface/-/adapter-interface-0.4.1.tgz",
			"integrity": "sha512-DJBhBUMg6pYByaw4II7rawbW8nu+x+faZFIxIkWeTRSxboW/jS3NpBQ7kAbycEJVAB2DO77FsnaHKYAMLnvwzw==",
			"license": "ISC",
			"peer": true
		},
		"node_modules/@cloudbase/analytics": {
			"version": "1.1.4",
			"resolved": "https://repo.huaweicloud.com/repository/npm/@cloudbase/analytics/-/analytics-1.1.4.tgz",
			"integrity": "sha512-OlvmePWAOnCnxOodmRXY0Mk1RyTeDwRLbbZBqMtHD+xco63YSwbplji3vqbVmBYwVIW7Aho+b/v2flaIaFUeAw==",
			"license": "ISC",
			"peer": true,
			"dependencies": {
				"@cloudbase/functions": "^1.3.4",
				"@cloudbase/types": "^1.1.3-alpha.0"
			}
		},
		"node_modules/@cloudbase/app": {
			"version": "1.4.1",
			"resolved": "https://repo.huaweicloud.com/repository/npm/@cloudbase/app/-/app-1.4.1.tgz",
			"integrity": "sha512-MS8M0Z/iaSMTSU/N5NIFbK1H4vz8Cbrziag3jhD3iGUtZ4XqkmdskOoOVbQMvy+XF+STts18bv/T+sufjdekMw==",
			"license": "ISC",
			"peer": true,
			"dependencies": {
				"@cloudbase/adapter-interface": "^0.4.0",
				"@cloudbase/types": "^1.1.3-alpha.0",
				"@cloudbase/utilities": "^1.3.4",
				"cloudbase-adapter-wx_mp": "0.2.0"
			}
		},
		"node_modules/@cloudbase/auth": {
			"version": "1.6.1",
			"resolved": "https://repo.huaweicloud.com/repository/npm/@cloudbase/auth/-/auth-1.6.1.tgz",
			"integrity": "sha512-XM2m59vzA4ZfxvHAWcd1T7J5dLc2DHjvmsHo4oSW1T3pyElISVkPSq0SaTy49jQACO+zqt1ZgnGg5CLf8lcGWA==",
			"license": "ISC",
			"peer": true,
			"dependencies": {
				"@cloudbase/adapter-interface": "^0.4.0",
				"@cloudbase/app": "^1.4.1",
				"@cloudbase/types": "^1.1.3-alpha.0",
				"@cloudbase/utilities": "^1.3.4",
				"sourcemapped-stacktrace": "^1.1.11"
			}
		},
		"node_modules/@cloudbase/database": {
			"version": "0.9.18-next",
			"resolved": "https://repo.huaweicloud.com/repository/npm/@cloudbase/database/-/database-0.9.18-next.tgz",
			"integrity": "sha512-iXruD1T5scc/h+zNc7o3EdoiEr5l0eLhMH47UsIprp5livB7tdZTDX9U5EBXflYmRIG/1TrK983GsvCbKWT7iw==",
			"license": "ISC",
			"peer": true,
			"dependencies": {
				"bson": "^4.0.2",
				"lodash.clonedeep": "4.5.0",
				"lodash.set": "4.3.2",
				"lodash.unset": "4.5.2"
			}
		},
		"node_modules/@cloudbase/functions": {
			"version": "1.3.4",
			"resolved": "https://repo.huaweicloud.com/repository/npm/@cloudbase/functions/-/functions-1.3.4.tgz",
			"integrity": "sha512-HaZEv+zW0NndiynfLzn3a2mii0hyZ9ANncz+/ZT66f1ZuluXeKFUgNBm3ZWIb1QA1HvSFaj9kDpz5/ftNymp3A==",
			"license": "ISC",
			"peer": true,
			"dependencies": {
				"@cloudbase/adapter-interface": "^0.4.0",
				"@cloudbase/types": "^1.1.3-alpha.0",
				"@cloudbase/utilities": "^1.3.4"
			}
		},
		"node_modules/@cloudbase/js-sdk": {
			"version": "1.7.2",
			"resolved": "https://repo.huaweicloud.com/repository/npm/@cloudbase/js-sdk/-/js-sdk-1.7.2.tgz",
			"integrity": "sha512-CF+pd1EKNFfUO2rmj8zL4yocjTKu1GkJMjig5UAcsX+CBXS0yxQEyMvGvwUlorOCBYvlxm7i6hEUBoHrnefHMg==",
			"license": "ISC",
			"peer": true,
			"dependencies": {
				"@cloudbase/analytics": "^1.1.1-alpha.0",
				"@cloudbase/app": "^1.4.1",
				"@cloudbase/auth": "^1.6.1",
				"@cloudbase/database": "0.9.18-next",
				"@cloudbase/functions": "^1.3.4",
				"@cloudbase/realtime": "^1.1.4-alpha.0",
				"@cloudbase/storage": "^1.3.4",
				"@cloudbase/types": "^1.1.3-alpha.0",
				"@cloudbase/utilities": "^1.3.4"
			}
		},
		"node_modules/@cloudbase/realtime": {
			"version": "1.1.4-alpha.0",
			"resolved": "https://repo.huaweicloud.com/repository/npm/@cloudbase/realtime/-/realtime-1.1.4-alpha.0.tgz",
			"integrity": "sha512-pT9wHPfQDSLNws+C1ki+5liUlHHyK+OLUTvKfq8HB3yyXCJz5R1O1BqVJTjRs7RW0J+mzUKB2tGuIL6M5Kcptw==",
			"license": "ISC",
			"peer": true,
			"dependencies": {
				"@cloudbase/types": "^1.1.3-alpha.0"
			}
		},
		"node_modules/@cloudbase/storage": {
			"version": "1.3.4",
			"resolved": "https://repo.huaweicloud.com/repository/npm/@cloudbase/storage/-/storage-1.3.4.tgz",
			"integrity": "sha512-q+bMNl61gvfyCUPmNGGgXZ2mVKLFqRDJR8CGGt3wBxJwt9eO7yOLjTAb0vdLXNpfdJ/ZovdxiQd8kZEB0+5m0w==",
			"license": "ISC",
			"peer": true,
			"dependencies": {
				"@cloudbase/types": "^1.1.3-alpha.0",
				"@cloudbase/utilities": "^1.3.4"
			}
		},
		"node_modules/@cloudbase/types": {
			"version": "1.1.3-alpha.0",
			"resolved": "https://repo.huaweicloud.com/repository/npm/@cloudbase/types/-/types-1.1.3-alpha.0.tgz",
			"integrity": "sha512-BIfILvpEjQmnYdhyHQ4m9QihxlV1kucPVG9AS+z5vZfbn2Jo75xgkex0F2qV4tV7YrQIrzQYtQmJbgG7TwAaSw==",
			"license": "ISC",
			"peer": true,
			"dependencies": {
				"@cloudbase/adapter-interface": "^0.4.0"
			}
		},
		"node_modules/@cloudbase/utilities": {
			"version": "1.3.4",
			"resolved": "https://repo.huaweicloud.com/repository/npm/@cloudbase/utilities/-/utilities-1.3.4.tgz",
			"integrity": "sha512-bw3e9UxE+gHr5XKFJNkPSjftverVed1za+ruYHs+/G+5AzZRtt2R6Kxt/9q+iFwAL2/oGq/zir0r7ora78OFZQ==",
			"license": "ISC",
			"peer": true,
			"dependencies": {
				"@cloudbase/adapter-interface": "^0.4.0",
				"@cloudbase/types": "^1.1.3-alpha.0",
				"crypto-js": "3"
			}
		},
		"node_modules/@cloudbase/weda-client": {
			"version": "0.1.11",
			"resolved": "https://mirrors.tencent.com/npm/@cloudbase%2fweda-client/-/weda-client-0.1.11.tgz",
			"integrity": "sha512-9TObiePg/WA0m39DV3hb5Plra4q0my1bqyouHymcCueT3nuatx+H/CfodsbDCZLTBDKrBrbZzmbeXwGcfjxLZA==",
			"dependencies": {
				"@cloudbase/weda-cloud-sdk": "^1.0.1",
				"miniprogram-api-promise": "^1.0.4"
			},
			"peerDependencies": {
				"@tcwd/weapps-sdk": "1.2.9",
				"@zxing/library": "^0.18.6",
				"lodash-es": "^4.17.19",
				"react": ">=16.12.0",
				"react-dom": ">=16.8.6"
			}
		},
		"node_modules/@cloudbase/weda-cloud-sdk": {
			"version": "1.0.7",
			"resolved": "https://mirrors.tencent.com/npm/@cloudbase%2fweda-cloud-sdk/-/weda-cloud-sdk-1.0.7.tgz",
			"integrity": "sha512-dOJcAw6646/Txhvm67WgeiYTYa+SpbgIIjcm8zyEXU7GUT38GMkQ4TrTDATY7ql/qYf8N6QC0PPGgi9OS8X5gw==",
			"license": "Apache License 2.0",
			"peerDependencies": {
				"@cloudbase/js-sdk": "*",
				"mobx": "*"
			}
		},
		"node_modules/@tcwd/weapps-sdk": {
			"version": "1.2.9",
			"resolved": "https://repo.huaweicloud.com/repository/npm/@tcwd/weapps-sdk/-/weapps-sdk-1.2.9.tgz",
			"integrity": "sha512-KohvScn5NlOFXC1Qz7ixStdhf7/wqMih5XtezCx/Z8kXMleI7DEXTZVJAi1+z+n+SofDAT6DbWMdh2MYymEBVQ==",
			"license": "ISC",
			"peer": true,
			"dependencies": {
				"axios": "^0.21.0",
				"dayjs": "^1.8.25",
				"kbone-api": "^0.2.1",
				"mobile-detect": "^1.4.4",
				"qs": "^6.9.4",
				"url": "^0.11.0"
			}
		},
		"node_modules/@zxing/library": {
			"version": "0.18.6",
			"resolved": "https://repo.huaweicloud.com/repository/npm/@zxing/library/-/library-0.18.6.tgz",
			"integrity": "sha512-bulZ9JHoLFd9W36pi+7e7DnEYNJhljYjZ1UTsKPOoLMU3qtC+REHITeCRNx40zTRJZx18W5TBRXt5pq2Uopjsw==",
			"license": "MIT",
			"peer": true,
			"dependencies": {
				"ts-custom-error": "^3.0.0"
			},
			"engines": {
				"node": ">= 10.4.0"
			},
			"optionalDependencies": {
				"@zxing/text-encoding": "~0.9.0"
			}
		},
		"node_modules/@zxing/text-encoding": {
			"version": "0.9.0",
			"resolved": "https://repo.huaweicloud.com/repository/npm/@zxing/text-encoding/-/text-encoding-0.9.0.tgz",
			"integrity": "sha512-U/4aVJ2mxI0aDNI8Uq0wEhMgY+u4CNtEb0om3+y3+niDAsoTCOB33UF0sxpzqzdqXLqmvc+vZyAt4O8pPdfkwA==",
			"license": "(Unlicense OR Apache-2.0)",
			"optional": true,
			"peer": true
		},
		"node_modules/axios": {
			"version": "0.21.4",
			"resolved": "https://repo.huaweicloud.com/repository/npm/axios/-/axios-0.21.4.tgz",
			"integrity": "sha512-ut5vewkiu8jjGBdqpM44XxjuCjq9LAKeHVmoVfHVzy8eHgxxq8SbAVQNovDA8mVi05kP0Ea/n/UzcSHcTJQfNg==",
			"license": "MIT",
			"peer": true,
			"dependencies": {
				"follow-redirects": "^1.14.0"
			}
		},
		"node_modules/base64-js": {
			"version": "1.5.1",
			"resolved": "https://repo.huaweicloud.com/repository/npm/base64-js/-/base64-js-1.5.1.tgz",
			"integrity": "sha512-AKpaYlHn8t4SVbOHCy+b5+KKgvR4vrsD8vbvrbiQJps7fKDTkjkDry6ji0rUJjC0kzbNePLwzxq8iypo41qeWA==",
			"funding": [
				{
					"type": "github",
					"url": "https://github.com/sponsors/feross"
				},
				{
					"type": "patreon",
					"url": "https://www.patreon.com/feross"
				},
				{
					"type": "consulting",
					"url": "https://feross.org/support"
				}
			],
			"license": "MIT",
			"peer": true
		},
		"node_modules/bson": {
			"version": "4.6.3",
			"resolved": "https://repo.huaweicloud.com/repository/npm/bson/-/bson-4.6.3.tgz",
			"integrity": "sha512-rAqP5hcUVJhXP2MCSNVsf0oM2OGU1So6A9pVRDYayvJ5+hygXHQApf87wd5NlhPM1J9RJnbqxIG/f8QTzRoQ4A==",
			"license": "Apache-2.0",
			"peer": true,
			"dependencies": {
				"buffer": "^5.6.0"
			},
			"engines": {
				"node": ">=6.9.0"
			}
		},
		"node_modules/buffer": {
			"version": "5.7.1",
			"resolved": "https://repo.huaweicloud.com/repository/npm/buffer/-/buffer-5.7.1.tgz",
			"integrity": "sha512-EHcyIPBQ4BSGlvjB16k5KgAJ27CIsHY/2JBmCRReo48y9rQ3MaUzWX3KVlBa4U7MyX02HdVj0K7C3WaB3ju7FQ==",
			"funding": [
				{
					"type": "github",
					"url": "https://github.com/sponsors/feross"
				},
				{
					"type": "patreon",
					"url": "https://www.patreon.com/feross"
				},
				{
					"type": "consulting",
					"url": "https://feross.org/support"
				}
			],
			"license": "MIT",
			"peer": true,
			"dependencies": {
				"base64-js": "^1.3.1",
				"ieee754": "^1.1.13"
			}
		},
		"node_modules/call-bind": {
			"version": "1.0.2",
			"resolved": "https://repo.huaweicloud.com/repository/npm/call-bind/-/call-bind-1.0.2.tgz",
			"integrity": "sha512-7O+FbCihrB5WGbFYesctwmTKae6rOiIzmz1icreWJ+0aA7LJfuqhEso2T9ncpcFtzMQtzXf2QGGueWJGTYsqrA==",
			"license": "MIT",
			"peer": true,
			"dependencies": {
				"function-bind": "^1.1.1",
				"get-intrinsic": "^1.0.2"
			},
			"funding": {
				"url": "https://github.com/sponsors/ljharb"
			}
		},
		"node_modules/cloudbase-adapter-wx_mp": {
			"version": "0.2.0",
			"resolved": "https://repo.huaweicloud.com/repository/npm/cloudbase-adapter-wx_mp/-/cloudbase-adapter-wx_mp-0.2.0.tgz",
			"integrity": "sha512-GiQGm11cH0K8oKY5tuJZm7DgsM2+WUw5toteMJlKTLMH4ouFrizu5J228I2kXtEWU+u/wE+5tuNGrEdhlfpkZQ==",
			"license": "ISC",
			"peer": true,
			"dependencies": {
				"@cloudbase/adapter-interface": "^0.4.0"
			}
		},
		"node_modules/crypto-js": {
			"version": "3.3.0",
			"resolved": "https://repo.huaweicloud.com/repository/npm/crypto-js/-/crypto-js-3.3.0.tgz",
			"integrity": "sha512-DIT51nX0dCfKltpRiXV+/TVZq+Qq2NgF4644+K7Ttnla7zEzqc+kjJyiB96BHNyUTBxyjzRcZYpUdZa+QAqi6Q==",
			"license": "MIT",
			"peer": true
		},
		"node_modules/dayjs": {
			"version": "1.11.1",
			"resolved": "https://repo.huaweicloud.com/repository/npm/dayjs/-/dayjs-1.11.1.tgz",
			"integrity": "sha512-ER7EjqVAMkRRsxNCC5YqJ9d9VQYuWdGt7aiH2qA5R5wt8ZmWaP2dLUSIK6y/kVzLMlmh1Tvu5xUf4M/wdGJ5KA==",
			"license": "MIT",
			"peer": true
		},
		"node_modules/follow-redirects": {
			"version": "1.14.9",
			"resolved": "https://repo.huaweicloud.com/repository/npm/follow-redirects/-/follow-redirects-1.14.9.tgz",
			"integrity": "sha512-MQDfihBQYMcyy5dhRDJUHcw7lb2Pv/TuE6xP1vyraLukNDHKbDxDNaOE3NbCAdKQApno+GPRyo1YAp89yCjK4w==",
			"funding": [
				{
					"type": "individual",
					"url": "https://github.com/sponsors/RubenVerborgh"
				}
			],
			"license": "MIT",
			"peer": true,
			"engines": {
				"node": ">=4.0"
			},
			"peerDependenciesMeta": {
				"debug": {
					"optional": true
				}
			}
		},
		"node_modules/function-bind": {
			"version": "1.1.1",
			"resolved": "https://repo.huaweicloud.com/repository/npm/function-bind/-/function-bind-1.1.1.tgz",
			"integrity": "sha512-yIovAzMX49sF8Yl58fSCWJ5svSLuaibPxXQJFLmBObTuCr0Mf1KiPopGM9NiFjiYBCbfaa2Fh6breQ6ANVTI0A==",
			"license": "MIT",
			"peer": true
		},
		"node_modules/get-intrinsic": {
			"version": "1.1.1",
			"resolved": "https://repo.huaweicloud.com/repository/npm/get-intrinsic/-/get-intrinsic-1.1.1.tgz",
			"integrity": "sha512-kWZrnVM42QCiEA2Ig1bG8zjoIMOgxWwYCEeNdwY6Tv/cOSeGpcoX4pXHfKUxNKVoArnrEr2e9srnAxxGIraS9Q==",
			"license": "MIT",
			"peer": true,
			"dependencies": {
				"function-bind": "^1.1.1",
				"has": "^1.0.3",
				"has-symbols": "^1.0.1"
			},
			"funding": {
				"url": "https://github.com/sponsors/ljharb"
			}
		},
		"node_modules/has": {
			"version": "1.0.3",
			"resolved": "https://repo.huaweicloud.com/repository/npm/has/-/has-1.0.3.tgz",
			"integrity": "sha512-f2dvO0VU6Oej7RkWJGrehjbzMAjFp5/VKPp5tTpWIV4JHHZK1/BxbFRtf/siA2SWTe09caDmVtYYzWEIbBS4zw==",
			"license": "MIT",
			"peer": true,
			"dependencies": {
				"function-bind": "^1.1.1"
			},
			"engines": {
				"node": ">= 0.4.0"
			}
		},
		"node_modules/has-symbols": {
			"version": "1.0.3",
			"resolved": "https://repo.huaweicloud.com/repository/npm/has-symbols/-/has-symbols-1.0.3.tgz",
			"integrity": "sha512-l3LCuF6MgDNwTDKkdYGEihYjt5pRPbEg46rtlmnSPlUbgmB8LOIrKJbYYFBSbnPaJexMKtiPO8hmeRjRz2Td+A==",
			"license": "MIT",
			"peer": true,
			"engines": {
				"node": ">= 0.4"
			},
			"funding": {
				"url": "https://github.com/sponsors/ljharb"
			}
		},
		"node_modules/ieee754": {
			"version": "1.2.1",
			"resolved": "https://repo.huaweicloud.com/repository/npm/ieee754/-/ieee754-1.2.1.tgz",
			"integrity": "sha512-dcyqhDvX1C46lXZcVqCpK+FtMRQVdIMN6/Df5js2zouUsqG7I6sFxitIC+7KYK29KdXOLHdu9zL4sFnoVQnqaA==",
			"funding": [
				{
					"type": "github",
					"url": "https://github.com/sponsors/feross"
				},
				{
					"type": "patreon",
					"url": "https://www.patreon.com/feross"
				},
				{
					"type": "consulting",
					"url": "https://feross.org/support"
				}
			],
			"license": "BSD-3-Clause",
			"peer": true
		},
		"node_modules/js-tokens": {
			"version": "4.0.0",
			"resolved": "https://repo.huaweicloud.com/repository/npm/js-tokens/-/js-tokens-4.0.0.tgz",
			"integrity": "sha512-RdJUflcE3cUzKiMqQgsCu06FPu9UdIJO0beYbPhHN4k6apgJtifcoCtT9bcxOpYBtpD2kCM6Sbzg4CausW/PKQ==",
			"license": "MIT",
			"peer": true
		},
		"node_modules/kbone-api": {
			"version": "0.2.1",
			"resolved": "https://repo.huaweicloud.com/repository/npm/kbone-api/-/kbone-api-0.2.1.tgz",
			"integrity": "sha512-Jd0LY4S8yQufbDfuTx7VqtJIYmaoY9rks87JzrvArMjG66FisI5z3Bq7Z8PvuXSfLjoVZosJjPvf/Z2mXYfITg==",
			"license": "MIT",
			"peer": true
		},
		"node_modules/lodash-es": {
			"version": "4.17.21",
			"resolved": "https://repo.huaweicloud.com/repository/npm/lodash-es/-/lodash-es-4.17.21.tgz",
			"integrity": "sha512-mKnC+QJ9pWVzv+C4/U3rRsHapFfHvQFoFB92e52xeyGMcX6/OlIl78je1u8vePzYZSkkogMPJ2yjxxsb89cxyw==",
			"license": "MIT",
			"peer": true
		},
		"node_modules/lodash.clonedeep": {
			"version": "4.5.0",
			"resolved": "https://repo.huaweicloud.com/repository/npm/lodash.clonedeep/-/lodash.clonedeep-4.5.0.tgz",
			"integrity": "sha1-4j8/nE+Pvd6HJSnBBxhXoIblzO8=",
			"license": "MIT",
			"peer": true
		},
		"node_modules/lodash.get": {
			"version": "4.4.2",
			"resolved": "https://mirrors.tencent.com/npm/lodash.get/-/lodash.get-4.4.2.tgz",
			"integrity": "sha1-LRd/ZS+jHpObRDjVNBSZ36OCXpk= sha512-z+Uw/vLuy6gQe8cfaFWD7p0wVv8fJl3mbzXh33RS+0oW2wvUqiRXiQ69gLWSLpgB5/6sU+r6BlQR0MBILadqTQ==",
			"license": "MIT"
		},
		"node_modules/lodash.set": {
			"version": "4.3.2",
			"resolved": "https://mirrors.tencent.com/npm/lodash.set/-/lodash.set-4.3.2.tgz",
			"integrity": "sha1-2HV7HagH3eJIFrDWqEvqGnYjCyM= sha512-4hNPN5jlm/N/HLMCO43v8BXKq9Z7QdAGc/VGrRD61w8gN9g/6jF9A4L1pbUgBLCffi0w9VsXfTOij5x8iTyFvg==",
			"license": "MIT"
		},
		"node_modules/lodash.unset": {
			"version": "4.5.2",
			"resolved": "https://repo.huaweicloud.com/repository/npm/lodash.unset/-/lodash.unset-4.5.2.tgz",
			"integrity": "sha1-Nw0dPoW3Kn4bDN8tJyEhMG8j5O0=",
			"license": "MIT",
			"peer": true
		},
		"node_modules/loose-envify": {
			"version": "1.4.0",
			"resolved": "https://repo.huaweicloud.com/repository/npm/loose-envify/-/loose-envify-1.4.0.tgz",
			"integrity": "sha512-lyuxPGr/Wfhrlem2CL/UcnUc1zcqKAImBDzukY7Y5F/yQiNdko6+fRLevlw1HgMySw7f611UIY408EtxRSoK3Q==",
			"license": "MIT",
			"peer": true,
			"dependencies": {
				"js-tokens": "^3.0.0 || ^4.0.0"
			},
			"bin": {
				"loose-envify": "cli.js"
			}
		},
		"node_modules/miniprogram-api-promise": {
			"version": "1.0.4",
			"resolved": "https://mirrors.tencent.com/npm/miniprogram-api-promise/-/miniprogram-api-promise-1.0.4.tgz",
			"integrity": "sha512-lS2ukj03Ugy8IJUDmdssklLT4kjzyRtVYwErhyDZkzxtqcxaed2xldRgNrsikigeMUBR9gAs7wgnjSKPlyKIYg==",
			"license": "ISC"
		},
		"node_modules/miniprogram-gesture": {
			"version": "1.0.6",
			"resolved": "https://mirrors.tencent.com/npm/miniprogram-gesture/-/miniprogram-gesture-1.0.6.tgz",
			"integrity": "sha512-9Zs0dCsj1wlCT2nKhMraEeAakvp09yyhFi/EjXmveRpsNNPhUSXWXUsicIFWywTvdsQ8bAl0cocN9JIZpkMzDg==",
			"license": "MIT"
		},
		"node_modules/mobile-detect": {
			"version": "1.4.5",
			"resolved": "https://repo.huaweicloud.com/repository/npm/mobile-detect/-/mobile-detect-1.4.5.tgz",
			"integrity": "sha512-yc0LhH6tItlvfLBugVUEtgawwFU2sIe+cSdmRJJCTMZ5GEJyLxNyC/NIOAOGk67Fa8GNpOttO3Xz/1bHpXFD/g==",
			"license": "MIT",
			"peer": true
		},
		"node_modules/mobx": {
			"version": "5.15.7",
			"resolved": "https://mirrors.tencent.com/npm/mobx/-/mobx-5.15.7.tgz",
			"integrity": "sha512-wyM3FghTkhmC+hQjyPGGFdpehrcX1KOXsDuERhfK2YbJemkUhEB+6wzEN639T21onxlfYBmriA1PFnvxTUhcKw==",
			"license": "MIT",
			"funding": {
				"type": "opencollective",
				"url": "https://opencollective.com/mobx"
			}
		},
		"node_modules/object-inspect": {
			"version": "1.12.0",
			"resolved": "https://repo.huaweicloud.com/repository/npm/object-inspect/-/object-inspect-1.12.0.tgz",
			"integrity": "sha512-Ho2z80bVIvJloH+YzRmpZVQe87+qASmBUKZDWgx9cu+KDrX2ZDH/3tMy+gXbZETVGs2M8YdxObOh7XAtim9Y0g==",
			"license": "MIT",
			"peer": true,
			"funding": {
				"url": "https://github.com/sponsors/ljharb"
			}
		},
		"node_modules/punycode": {
			"version": "1.3.2",
			"resolved": "https://repo.huaweicloud.com/repository/npm/punycode/-/punycode-1.3.2.tgz",
			"integrity": "sha1-llOgNvt8HuQjQvIyXM7v6jkmxI0=",
			"license": "MIT",
			"peer": true
		},
		"node_modules/qs": {
			"version": "6.10.3",
			"resolved": "https://repo.huaweicloud.com/repository/npm/qs/-/qs-6.10.3.tgz",
			"integrity": "sha512-wr7M2E0OFRfIfJZjKGieI8lBKb7fRCH4Fv5KNPEs7gJ8jadvotdsS08PzOKR7opXhZ/Xkjtt3WF9g38drmyRqQ==",
			"license": "BSD-3-Clause",
			"peer": true,
			"dependencies": {
				"side-channel": "^1.0.4"
			},
			"engines": {
				"node": ">=0.6"
			},
			"funding": {
				"url": "https://github.com/sponsors/ljharb"
			}
		},
		"node_modules/querystring": {
			"version": "0.2.0",
			"resolved": "https://repo.huaweicloud.com/repository/npm/querystring/-/querystring-0.2.0.tgz",
			"integrity": "sha1-sgmEkgO7Jd+CDadW50cAWHhSFiA=",
			"deprecated": "The querystring API is considered Legacy. new code should use the URLSearchParams API instead.",
			"peer": true,
			"engines": {
				"node": ">=0.4.x"
			}
		},
		"node_modules/react": {
			"version": "18.0.0",
			"resolved": "https://repo.huaweicloud.com/repository/npm/react/-/react-18.0.0.tgz",
			"integrity": "sha512-x+VL6wbT4JRVPm7EGxXhZ8w8LTROaxPXOqhlGyVSrv0sB1jkyFGgXxJ8LVoPRLvPR6/CIZGFmfzqUa2NYeMr2A==",
			"license": "MIT",
			"peer": true,
			"dependencies": {
				"loose-envify": "^1.1.0"
			},
			"engines": {
				"node": ">=0.10.0"
			}
		},
		"node_modules/react-dom": {
			"version": "18.0.0",
			"resolved": "https://repo.huaweicloud.com/repository/npm/react-dom/-/react-dom-18.0.0.tgz",
			"integrity": "sha512-XqX7uzmFo0pUceWFCt7Gff6IyIMzFUn7QMZrbrQfGxtaxXZIcGQzoNpRLE3fQLnS4XzLLPMZX2T9TRcSrasicw==",
			"license": "MIT",
			"peer": true,
			"dependencies": {
				"loose-envify": "^1.1.0",
				"scheduler": "^0.21.0"
			},
			"peerDependencies": {
				"react": "^18.0.0"
			}
		},
		"node_modules/scheduler": {
			"version": "0.21.0",
			"resolved": "https://repo.huaweicloud.com/repository/npm/scheduler/-/scheduler-0.21.0.tgz",
			"integrity": "sha512-1r87x5fz9MXqswA2ERLo0EbOAU74DpIUO090gIasYTqlVoJeMcl+Z1Rg7WHz+qtPujhS/hGIt9kxZOYBV3faRQ==",
			"license": "MIT",
			"peer": true,
			"dependencies": {
				"loose-envify": "^1.1.0"
			}
		},
		"node_modules/side-channel": {
			"version": "1.0.4",
			"resolved": "https://repo.huaweicloud.com/repository/npm/side-channel/-/side-channel-1.0.4.tgz",
			"integrity": "sha512-q5XPytqFEIKHkGdiMIrY10mvLRvnQh42/+GoBlFW3b2LXLE2xxJpZFdm94we0BaoV3RwJyGqg5wS7epxTv0Zvw==",
			"license": "MIT",
			"peer": true,
			"dependencies": {
				"call-bind": "^1.0.0",
				"get-intrinsic": "^1.0.2",
				"object-inspect": "^1.9.0"
			},
			"funding": {
				"url": "https://github.com/sponsors/ljharb"
			}
		},
		"node_modules/source-map": {
			"version": "0.5.6",
			"resolved": "https://repo.huaweicloud.com/repository/npm/source-map/-/source-map-0.5.6.tgz",
			"integrity": "sha1-dc449SvwczxafwwRjYEzSiu19BI=",
			"license": "BSD-3-Clause",
			"peer": true,
			"engines": {
				"node": ">=0.10.0"
			}
		},
		"node_modules/sourcemapped-stacktrace": {
			"version": "1.1.11",
			"resolved": "https://repo.huaweicloud.com/repository/npm/sourcemapped-stacktrace/-/sourcemapped-stacktrace-1.1.11.tgz",
			"integrity": "sha512-O0pcWjJqzQFVsisPlPXuNawJHHg9N9UgpJ/aDmvi9+vnS3x1C0NhwkVFzzZ1VN0Xo+bekyweoqYvBw5ZBKiNnQ==",
			"license": "BSD-3-Clause",
			"peer": true,
			"dependencies": {
				"source-map": "0.5.6"
			}
		},
		"node_modules/ts-custom-error": {
			"version": "3.2.0",
			"resolved": "https://repo.huaweicloud.com/repository/npm/ts-custom-error/-/ts-custom-error-3.2.0.tgz",
			"integrity": "sha512-cBvC2QjtvJ9JfWLvstVnI45Y46Y5dMxIaG1TDMGAD/R87hpvqFL+7LhvUDhnRCfOnx/xitollFWWvUKKKhbN0A==",
			"license": "MIT",
			"peer": true,
			"engines": {
				"node": ">=8.0.0"
			}
		},
		"node_modules/url": {
			"version": "0.11.0",
			"resolved": "https://repo.huaweicloud.com/repository/npm/url/-/url-0.11.0.tgz",
			"integrity": "sha1-ODjpfPxgUh63PFJajlW/3Z4uKPE=",
			"license": "MIT",
			"peer": true,
			"dependencies": {
				"punycode": "1.3.2",
				"querystring": "0.2.0"
			}
		}
	},
	"dependencies": {
		"@cloudbase/adapter-interface": {
			"version": "0.4.1",
			"resolved": "https://repo.huaweicloud.com/repository/npm/@cloudbase/adapter-interface/-/adapter-interface-0.4.1.tgz",
			"integrity": "sha512-DJBhBUMg6pYByaw4II7rawbW8nu+x+faZFIxIkWeTRSxboW/jS3NpBQ7kAbycEJVAB2DO77FsnaHKYAMLnvwzw==",
			"peer": true
		},
		"@cloudbase/analytics": {
			"version": "1.1.4",
			"resolved": "https://repo.huaweicloud.com/repository/npm/@cloudbase/analytics/-/analytics-1.1.4.tgz",
			"integrity": "sha512-OlvmePWAOnCnxOodmRXY0Mk1RyTeDwRLbbZBqMtHD+xco63YSwbplji3vqbVmBYwVIW7Aho+b/v2flaIaFUeAw==",
			"peer": true,
			"requires": {
				"@cloudbase/functions": "^1.3.4",
				"@cloudbase/types": "^1.1.3-alpha.0"
			}
		},
		"@cloudbase/app": {
			"version": "1.4.1",
			"resolved": "https://repo.huaweicloud.com/repository/npm/@cloudbase/app/-/app-1.4.1.tgz",
			"integrity": "sha512-MS8M0Z/iaSMTSU/N5NIFbK1H4vz8Cbrziag3jhD3iGUtZ4XqkmdskOoOVbQMvy+XF+STts18bv/T+sufjdekMw==",
			"peer": true,
			"requires": {
				"@cloudbase/adapter-interface": "^0.4.0",
				"@cloudbase/types": "^1.1.3-alpha.0",
				"@cloudbase/utilities": "^1.3.4",
				"cloudbase-adapter-wx_mp": "0.2.0"
			}
		},
		"@cloudbase/auth": {
			"version": "1.6.1",
			"resolved": "https://repo.huaweicloud.com/repository/npm/@cloudbase/auth/-/auth-1.6.1.tgz",
			"integrity": "sha512-XM2m59vzA4ZfxvHAWcd1T7J5dLc2DHjvmsHo4oSW1T3pyElISVkPSq0SaTy49jQACO+zqt1ZgnGg5CLf8lcGWA==",
			"peer": true,
			"requires": {
				"@cloudbase/adapter-interface": "^0.4.0",
				"@cloudbase/app": "^1.4.1",
				"@cloudbase/types": "^1.1.3-alpha.0",
				"@cloudbase/utilities": "^1.3.4",
				"sourcemapped-stacktrace": "^1.1.11"
			}
		},
		"@cloudbase/database": {
			"version": "0.9.18-next",
			"resolved": "https://repo.huaweicloud.com/repository/npm/@cloudbase/database/-/database-0.9.18-next.tgz",
			"integrity": "sha512-iXruD1T5scc/h+zNc7o3EdoiEr5l0eLhMH47UsIprp5livB7tdZTDX9U5EBXflYmRIG/1TrK983GsvCbKWT7iw==",
			"peer": true,
			"requires": {
				"bson": "^4.0.2",
				"lodash.clonedeep": "4.5.0",
				"lodash.set": "4.3.2",
				"lodash.unset": "4.5.2"
			}
		},
		"@cloudbase/functions": {
			"version": "1.3.4",
			"resolved": "https://repo.huaweicloud.com/repository/npm/@cloudbase/functions/-/functions-1.3.4.tgz",
			"integrity": "sha512-HaZEv+zW0NndiynfLzn3a2mii0hyZ9ANncz+/ZT66f1ZuluXeKFUgNBm3ZWIb1QA1HvSFaj9kDpz5/ftNymp3A==",
			"peer": true,
			"requires": {
				"@cloudbase/adapter-interface": "^0.4.0",
				"@cloudbase/types": "^1.1.3-alpha.0",
				"@cloudbase/utilities": "^1.3.4"
			}
		},
		"@cloudbase/js-sdk": {
			"version": "1.7.2",
			"resolved": "https://repo.huaweicloud.com/repository/npm/@cloudbase/js-sdk/-/js-sdk-1.7.2.tgz",
			"integrity": "sha512-CF+pd1EKNFfUO2rmj8zL4yocjTKu1GkJMjig5UAcsX+CBXS0yxQEyMvGvwUlorOCBYvlxm7i6hEUBoHrnefHMg==",
			"peer": true,
			"requires": {
				"@cloudbase/analytics": "^1.1.1-alpha.0",
				"@cloudbase/app": "^1.4.1",
				"@cloudbase/auth": "^1.6.1",
				"@cloudbase/database": "0.9.18-next",
				"@cloudbase/functions": "^1.3.4",
				"@cloudbase/realtime": "^1.1.4-alpha.0",
				"@cloudbase/storage": "^1.3.4",
				"@cloudbase/types": "^1.1.3-alpha.0",
				"@cloudbase/utilities": "^1.3.4"
			}
		},
		"@cloudbase/realtime": {
			"version": "1.1.4-alpha.0",
			"resolved": "https://repo.huaweicloud.com/repository/npm/@cloudbase/realtime/-/realtime-1.1.4-alpha.0.tgz",
			"integrity": "sha512-pT9wHPfQDSLNws+C1ki+5liUlHHyK+OLUTvKfq8HB3yyXCJz5R1O1BqVJTjRs7RW0J+mzUKB2tGuIL6M5Kcptw==",
			"peer": true,
			"requires": {
				"@cloudbase/types": "^1.1.3-alpha.0"
			}
		},
		"@cloudbase/storage": {
			"version": "1.3.4",
			"resolved": "https://repo.huaweicloud.com/repository/npm/@cloudbase/storage/-/storage-1.3.4.tgz",
			"integrity": "sha512-q+bMNl61gvfyCUPmNGGgXZ2mVKLFqRDJR8CGGt3wBxJwt9eO7yOLjTAb0vdLXNpfdJ/ZovdxiQd8kZEB0+5m0w==",
			"peer": true,
			"requires": {
				"@cloudbase/types": "^1.1.3-alpha.0",
				"@cloudbase/utilities": "^1.3.4"
			}
		},
		"@cloudbase/types": {
			"version": "1.1.3-alpha.0",
			"resolved": "https://repo.huaweicloud.com/repository/npm/@cloudbase/types/-/types-1.1.3-alpha.0.tgz",
			"integrity": "sha512-BIfILvpEjQmnYdhyHQ4m9QihxlV1kucPVG9AS+z5vZfbn2Jo75xgkex0F2qV4tV7YrQIrzQYtQmJbgG7TwAaSw==",
			"peer": true,
			"requires": {
				"@cloudbase/adapter-interface": "^0.4.0"
			}
		},
		"@cloudbase/utilities": {
			"version": "1.3.4",
			"resolved": "https://repo.huaweicloud.com/repository/npm/@cloudbase/utilities/-/utilities-1.3.4.tgz",
			"integrity": "sha512-bw3e9UxE+gHr5XKFJNkPSjftverVed1za+ruYHs+/G+5AzZRtt2R6Kxt/9q+iFwAL2/oGq/zir0r7ora78OFZQ==",
			"peer": true,
			"requires": {
				"@cloudbase/adapter-interface": "^0.4.0",
				"@cloudbase/types": "^1.1.3-alpha.0",
				"crypto-js": "3"
			}
		},
		"@cloudbase/weda-client": {
			"version": "0.1.11",
			"resolved": "https://mirrors.tencent.com/npm/@cloudbase%2fweda-client/-/weda-client-0.1.11.tgz",
			"integrity": "sha512-9TObiePg/WA0m39DV3hb5Plra4q0my1bqyouHymcCueT3nuatx+H/CfodsbDCZLTBDKrBrbZzmbeXwGcfjxLZA==",
			"requires": {
				"@cloudbase/weda-cloud-sdk": "^1.0.1",
				"miniprogram-api-promise": "^1.0.4"
			}
		},
		"@cloudbase/weda-cloud-sdk": {
			"version": "1.0.7",
			"resolved": "https://mirrors.tencent.com/npm/@cloudbase%2fweda-cloud-sdk/-/weda-cloud-sdk-1.0.7.tgz",
			"integrity": "sha512-dOJcAw6646/Txhvm67WgeiYTYa+SpbgIIjcm8zyEXU7GUT38GMkQ4TrTDATY7ql/qYf8N6QC0PPGgi9OS8X5gw==",
			"requires": {}
		},
		"@tcwd/weapps-sdk": {
			"version": "1.2.9",
			"resolved": "https://repo.huaweicloud.com/repository/npm/@tcwd/weapps-sdk/-/weapps-sdk-1.2.9.tgz",
			"integrity": "sha512-KohvScn5NlOFXC1Qz7ixStdhf7/wqMih5XtezCx/Z8kXMleI7DEXTZVJAi1+z+n+SofDAT6DbWMdh2MYymEBVQ==",
			"peer": true,
			"requires": {
				"axios": "^0.21.0",
				"dayjs": "^1.8.25",
				"kbone-api": "^0.2.1",
				"mobile-detect": "^1.4.4",
				"qs": "^6.9.4",
				"url": "^0.11.0"
			}
		},
		"@zxing/library": {
			"version": "0.18.6",
			"resolved": "https://repo.huaweicloud.com/repository/npm/@zxing/library/-/library-0.18.6.tgz",
			"integrity": "sha512-bulZ9JHoLFd9W36pi+7e7DnEYNJhljYjZ1UTsKPOoLMU3qtC+REHITeCRNx40zTRJZx18W5TBRXt5pq2Uopjsw==",
			"peer": true,
			"requires": {
				"@zxing/text-encoding": "~0.9.0",
				"ts-custom-error": "^3.0.0"
			}
		},
		"@zxing/text-encoding": {
			"version": "0.9.0",
			"resolved": "https://repo.huaweicloud.com/repository/npm/@zxing/text-encoding/-/text-encoding-0.9.0.tgz",
			"integrity": "sha512-U/4aVJ2mxI0aDNI8Uq0wEhMgY+u4CNtEb0om3+y3+niDAsoTCOB33UF0sxpzqzdqXLqmvc+vZyAt4O8pPdfkwA==",
			"optional": true,
			"peer": true
		},
		"axios": {
			"version": "0.21.4",
			"resolved": "https://repo.huaweicloud.com/repository/npm/axios/-/axios-0.21.4.tgz",
			"integrity": "sha512-ut5vewkiu8jjGBdqpM44XxjuCjq9LAKeHVmoVfHVzy8eHgxxq8SbAVQNovDA8mVi05kP0Ea/n/UzcSHcTJQfNg==",
			"peer": true,
			"requires": {
				"follow-redirects": "^1.14.0"
			}
		},
		"base64-js": {
			"version": "1.5.1",
			"resolved": "https://repo.huaweicloud.com/repository/npm/base64-js/-/base64-js-1.5.1.tgz",
			"integrity": "sha512-AKpaYlHn8t4SVbOHCy+b5+KKgvR4vrsD8vbvrbiQJps7fKDTkjkDry6ji0rUJjC0kzbNePLwzxq8iypo41qeWA==",
			"peer": true
		},
		"bson": {
			"version": "4.6.3",
			"resolved": "https://repo.huaweicloud.com/repository/npm/bson/-/bson-4.6.3.tgz",
			"integrity": "sha512-rAqP5hcUVJhXP2MCSNVsf0oM2OGU1So6A9pVRDYayvJ5+hygXHQApf87wd5NlhPM1J9RJnbqxIG/f8QTzRoQ4A==",
			"peer": true,
			"requires": {
				"buffer": "^5.6.0"
			}
		},
		"buffer": {
			"version": "5.7.1",
			"resolved": "https://repo.huaweicloud.com/repository/npm/buffer/-/buffer-5.7.1.tgz",
			"integrity": "sha512-EHcyIPBQ4BSGlvjB16k5KgAJ27CIsHY/2JBmCRReo48y9rQ3MaUzWX3KVlBa4U7MyX02HdVj0K7C3WaB3ju7FQ==",
			"peer": true,
			"requires": {
				"base64-js": "^1.3.1",
				"ieee754": "^1.1.13"
			}
		},
		"call-bind": {
			"version": "1.0.2",
			"resolved": "https://repo.huaweicloud.com/repository/npm/call-bind/-/call-bind-1.0.2.tgz",
			"integrity": "sha512-7O+FbCihrB5WGbFYesctwmTKae6rOiIzmz1icreWJ+0aA7LJfuqhEso2T9ncpcFtzMQtzXf2QGGueWJGTYsqrA==",
			"peer": true,
			"requires": {
				"function-bind": "^1.1.1",
				"get-intrinsic": "^1.0.2"
			}
		},
		"cloudbase-adapter-wx_mp": {
			"version": "0.2.0",
			"resolved": "https://repo.huaweicloud.com/repository/npm/cloudbase-adapter-wx_mp/-/cloudbase-adapter-wx_mp-0.2.0.tgz",
			"integrity": "sha512-GiQGm11cH0K8oKY5tuJZm7DgsM2+WUw5toteMJlKTLMH4ouFrizu5J228I2kXtEWU+u/wE+5tuNGrEdhlfpkZQ==",
			"peer": true,
			"requires": {
				"@cloudbase/adapter-interface": "^0.4.0"
			}
		},
		"crypto-js": {
			"version": "3.3.0",
			"resolved": "https://repo.huaweicloud.com/repository/npm/crypto-js/-/crypto-js-3.3.0.tgz",
			"integrity": "sha512-DIT51nX0dCfKltpRiXV+/TVZq+Qq2NgF4644+K7Ttnla7zEzqc+kjJyiB96BHNyUTBxyjzRcZYpUdZa+QAqi6Q==",
			"peer": true
		},
		"dayjs": {
			"version": "1.11.1",
			"resolved": "https://repo.huaweicloud.com/repository/npm/dayjs/-/dayjs-1.11.1.tgz",
			"integrity": "sha512-ER7EjqVAMkRRsxNCC5YqJ9d9VQYuWdGt7aiH2qA5R5wt8ZmWaP2dLUSIK6y/kVzLMlmh1Tvu5xUf4M/wdGJ5KA==",
			"peer": true
		},
		"follow-redirects": {
			"version": "1.14.9",
			"resolved": "https://repo.huaweicloud.com/repository/npm/follow-redirects/-/follow-redirects-1.14.9.tgz",
			"integrity": "sha512-MQDfihBQYMcyy5dhRDJUHcw7lb2Pv/TuE6xP1vyraLukNDHKbDxDNaOE3NbCAdKQApno+GPRyo1YAp89yCjK4w==",
			"peer": true
		},
		"function-bind": {
			"version": "1.1.1",
			"resolved": "https://repo.huaweicloud.com/repository/npm/function-bind/-/function-bind-1.1.1.tgz",
			"integrity": "sha512-yIovAzMX49sF8Yl58fSCWJ5svSLuaibPxXQJFLmBObTuCr0Mf1KiPopGM9NiFjiYBCbfaa2Fh6breQ6ANVTI0A==",
			"peer": true
		},
		"get-intrinsic": {
			"version": "1.1.1",
			"resolved": "https://repo.huaweicloud.com/repository/npm/get-intrinsic/-/get-intrinsic-1.1.1.tgz",
			"integrity": "sha512-kWZrnVM42QCiEA2Ig1bG8zjoIMOgxWwYCEeNdwY6Tv/cOSeGpcoX4pXHfKUxNKVoArnrEr2e9srnAxxGIraS9Q==",
			"peer": true,
			"requires": {
				"function-bind": "^1.1.1",
				"has": "^1.0.3",
				"has-symbols": "^1.0.1"
			}
		},
		"has": {
			"version": "1.0.3",
			"resolved": "https://repo.huaweicloud.com/repository/npm/has/-/has-1.0.3.tgz",
			"integrity": "sha512-f2dvO0VU6Oej7RkWJGrehjbzMAjFp5/VKPp5tTpWIV4JHHZK1/BxbFRtf/siA2SWTe09caDmVtYYzWEIbBS4zw==",
			"peer": true,
			"requires": {
				"function-bind": "^1.1.1"
			}
		},
		"has-symbols": {
			"version": "1.0.3",
			"resolved": "https://repo.huaweicloud.com/repository/npm/has-symbols/-/has-symbols-1.0.3.tgz",
			"integrity": "sha512-l3LCuF6MgDNwTDKkdYGEihYjt5pRPbEg46rtlmnSPlUbgmB8LOIrKJbYYFBSbnPaJexMKtiPO8hmeRjRz2Td+A==",
			"peer": true
		},
		"ieee754": {
			"version": "1.2.1",
			"resolved": "https://repo.huaweicloud.com/repository/npm/ieee754/-/ieee754-1.2.1.tgz",
			"integrity": "sha512-dcyqhDvX1C46lXZcVqCpK+FtMRQVdIMN6/Df5js2zouUsqG7I6sFxitIC+7KYK29KdXOLHdu9zL4sFnoVQnqaA==",
			"peer": true
		},
		"js-tokens": {
			"version": "4.0.0",
			"resolved": "https://repo.huaweicloud.com/repository/npm/js-tokens/-/js-tokens-4.0.0.tgz",
			"integrity": "sha512-RdJUflcE3cUzKiMqQgsCu06FPu9UdIJO0beYbPhHN4k6apgJtifcoCtT9bcxOpYBtpD2kCM6Sbzg4CausW/PKQ==",
			"peer": true
		},
		"kbone-api": {
			"version": "0.2.1",
			"resolved": "https://repo.huaweicloud.com/repository/npm/kbone-api/-/kbone-api-0.2.1.tgz",
			"integrity": "sha512-Jd0LY4S8yQufbDfuTx7VqtJIYmaoY9rks87JzrvArMjG66FisI5z3Bq7Z8PvuXSfLjoVZosJjPvf/Z2mXYfITg==",
			"peer": true
		},
		"lodash-es": {
			"version": "4.17.21",
			"resolved": "https://repo.huaweicloud.com/repository/npm/lodash-es/-/lodash-es-4.17.21.tgz",
			"integrity": "sha512-mKnC+QJ9pWVzv+C4/U3rRsHapFfHvQFoFB92e52xeyGMcX6/OlIl78je1u8vePzYZSkkogMPJ2yjxxsb89cxyw==",
			"peer": true
		},
		"lodash.clonedeep": {
			"version": "4.5.0",
			"resolved": "https://repo.huaweicloud.com/repository/npm/lodash.clonedeep/-/lodash.clonedeep-4.5.0.tgz",
			"integrity": "sha1-4j8/nE+Pvd6HJSnBBxhXoIblzO8=",
			"peer": true
		},
		"lodash.get": {
			"version": "4.4.2",
			"resolved": "https://mirrors.tencent.com/npm/lodash.get/-/lodash.get-4.4.2.tgz",
			"integrity": "sha1-LRd/ZS+jHpObRDjVNBSZ36OCXpk= sha512-z+Uw/vLuy6gQe8cfaFWD7p0wVv8fJl3mbzXh33RS+0oW2wvUqiRXiQ69gLWSLpgB5/6sU+r6BlQR0MBILadqTQ=="
		},
		"lodash.set": {
			"version": "4.3.2",
			"resolved": "https://mirrors.tencent.com/npm/lodash.set/-/lodash.set-4.3.2.tgz",
			"integrity": "sha1-2HV7HagH3eJIFrDWqEvqGnYjCyM= sha512-4hNPN5jlm/N/HLMCO43v8BXKq9Z7QdAGc/VGrRD61w8gN9g/6jF9A4L1pbUgBLCffi0w9VsXfTOij5x8iTyFvg=="
		},
		"lodash.unset": {
			"version": "4.5.2",
			"resolved": "https://repo.huaweicloud.com/repository/npm/lodash.unset/-/lodash.unset-4.5.2.tgz",
			"integrity": "sha1-Nw0dPoW3Kn4bDN8tJyEhMG8j5O0=",
			"peer": true
		},
		"loose-envify": {
			"version": "1.4.0",
			"resolved": "https://repo.huaweicloud.com/repository/npm/loose-envify/-/loose-envify-1.4.0.tgz",
			"integrity": "sha512-lyuxPGr/Wfhrlem2CL/UcnUc1zcqKAImBDzukY7Y5F/yQiNdko6+fRLevlw1HgMySw7f611UIY408EtxRSoK3Q==",
			"peer": true,
			"requires": {
				"js-tokens": "^3.0.0 || ^4.0.0"
			}
		},
		"miniprogram-api-promise": {
			"version": "1.0.4",
			"resolved": "https://mirrors.tencent.com/npm/miniprogram-api-promise/-/miniprogram-api-promise-1.0.4.tgz",
			"integrity": "sha512-lS2ukj03Ugy8IJUDmdssklLT4kjzyRtVYwErhyDZkzxtqcxaed2xldRgNrsikigeMUBR9gAs7wgnjSKPlyKIYg=="
		},
		"miniprogram-gesture": {
			"version": "1.0.6",
			"resolved": "https://mirrors.tencent.com/npm/miniprogram-gesture/-/miniprogram-gesture-1.0.6.tgz",
			"integrity": "sha512-9Zs0dCsj1wlCT2nKhMraEeAakvp09yyhFi/EjXmveRpsNNPhUSXWXUsicIFWywTvdsQ8bAl0cocN9JIZpkMzDg=="
		},
		"mobile-detect": {
			"version": "1.4.5",
			"resolved": "https://repo.huaweicloud.com/repository/npm/mobile-detect/-/mobile-detect-1.4.5.tgz",
			"integrity": "sha512-yc0LhH6tItlvfLBugVUEtgawwFU2sIe+cSdmRJJCTMZ5GEJyLxNyC/NIOAOGk67Fa8GNpOttO3Xz/1bHpXFD/g==",
			"peer": true
		},
		"mobx": {
			"version": "5.15.7",
			"resolved": "https://mirrors.tencent.com/npm/mobx/-/mobx-5.15.7.tgz",
			"integrity": "sha512-wyM3FghTkhmC+hQjyPGGFdpehrcX1KOXsDuERhfK2YbJemkUhEB+6wzEN639T21onxlfYBmriA1PFnvxTUhcKw=="
		},
		"object-inspect": {
			"version": "1.12.0",
			"resolved": "https://repo.huaweicloud.com/repository/npm/object-inspect/-/object-inspect-1.12.0.tgz",
			"integrity": "sha512-Ho2z80bVIvJloH+YzRmpZVQe87+qASmBUKZDWgx9cu+KDrX2ZDH/3tMy+gXbZETVGs2M8YdxObOh7XAtim9Y0g==",
			"peer": true
		},
		"punycode": {
			"version": "1.3.2",
			"resolved": "https://repo.huaweicloud.com/repository/npm/punycode/-/punycode-1.3.2.tgz",
			"integrity": "sha1-llOgNvt8HuQjQvIyXM7v6jkmxI0=",
			"peer": true
		},
		"qs": {
			"version": "6.10.3",
			"resolved": "https://repo.huaweicloud.com/repository/npm/qs/-/qs-6.10.3.tgz",
			"integrity": "sha512-wr7M2E0OFRfIfJZjKGieI8lBKb7fRCH4Fv5KNPEs7gJ8jadvotdsS08PzOKR7opXhZ/Xkjtt3WF9g38drmyRqQ==",
			"peer": true,
			"requires": {
				"side-channel": "^1.0.4"
			}
		},
		"querystring": {
			"version": "0.2.0",
			"resolved": "https://repo.huaweicloud.com/repository/npm/querystring/-/querystring-0.2.0.tgz",
			"integrity": "sha1-sgmEkgO7Jd+CDadW50cAWHhSFiA=",
			"peer": true
		},
		"react": {
			"version": "18.0.0",
			"resolved": "https://repo.huaweicloud.com/repository/npm/react/-/react-18.0.0.tgz",
			"integrity": "sha512-x+VL6wbT4JRVPm7EGxXhZ8w8LTROaxPXOqhlGyVSrv0sB1jkyFGgXxJ8LVoPRLvPR6/CIZGFmfzqUa2NYeMr2A==",
			"peer": true,
			"requires": {
				"loose-envify": "^1.1.0"
			}
		},
		"react-dom": {
			"version": "18.0.0",
			"resolved": "https://repo.huaweicloud.com/repository/npm/react-dom/-/react-dom-18.0.0.tgz",
			"integrity": "sha512-XqX7uzmFo0pUceWFCt7Gff6IyIMzFUn7QMZrbrQfGxtaxXZIcGQzoNpRLE3fQLnS4XzLLPMZX2T9TRcSrasicw==",
			"peer": true,
			"requires": {
				"loose-envify": "^1.1.0",
				"scheduler": "^0.21.0"
			}
		},
		"scheduler": {
			"version": "0.21.0",
			"resolved": "https://repo.huaweicloud.com/repository/npm/scheduler/-/scheduler-0.21.0.tgz",
			"integrity": "sha512-1r87x5fz9MXqswA2ERLo0EbOAU74DpIUO090gIasYTqlVoJeMcl+Z1Rg7WHz+qtPujhS/hGIt9kxZOYBV3faRQ==",
			"peer": true,
			"requires": {
				"loose-envify": "^1.1.0"
			}
		},
		"side-channel": {
			"version": "1.0.4",
			"resolved": "https://repo.huaweicloud.com/repository/npm/side-channel/-/side-channel-1.0.4.tgz",
			"integrity": "sha512-q5XPytqFEIKHkGdiMIrY10mvLRvnQh42/+GoBlFW3b2LXLE2xxJpZFdm94we0BaoV3RwJyGqg5wS7epxTv0Zvw==",
			"peer": true,
			"requires": {
				"call-bind": "^1.0.0",
				"get-intrinsic": "^1.0.2",
				"object-inspect": "^1.9.0"
			}
		},
		"source-map": {
			"version": "0.5.6",
			"resolved": "https://repo.huaweicloud.com/repository/npm/source-map/-/source-map-0.5.6.tgz",
			"integrity": "sha1-dc449SvwczxafwwRjYEzSiu19BI=",
			"peer": true
		},
		"sourcemapped-stacktrace": {
			"version": "1.1.11",
			"resolved": "https://repo.huaweicloud.com/repository/npm/sourcemapped-stacktrace/-/sourcemapped-stacktrace-1.1.11.tgz",
			"integrity": "sha512-O0pcWjJqzQFVsisPlPXuNawJHHg9N9UgpJ/aDmvi9+vnS3x1C0NhwkVFzzZ1VN0Xo+bekyweoqYvBw5ZBKiNnQ==",
			"peer": true,
			"requires": {
				"source-map": "0.5.6"
			}
		},
		"ts-custom-error": {
			"version": "3.2.0",
			"resolved": "https://repo.huaweicloud.com/repository/npm/ts-custom-error/-/ts-custom-error-3.2.0.tgz",
			"integrity": "sha512-cBvC2QjtvJ9JfWLvstVnI45Y46Y5dMxIaG1TDMGAD/R87hpvqFL+7LhvUDhnRCfOnx/xitollFWWvUKKKhbN0A==",
			"peer": true
		},
		"url": {
			"version": "0.11.0",
			"resolved": "https://repo.huaweicloud.com/repository/npm/url/-/url-0.11.0.tgz",
			"integrity": "sha1-ODjpfPxgUh63PFJajlW/3Z4uKPE=",
			"peer": true,
			"requires": {
				"punycode": "1.3.2",
				"querystring": "0.2.0"
			}
		}
	}
}
