# THIS IS AN AUTOGENERATED FILE. DO NOT EDIT THIS FILE DIRECTLY.
# yarn lockfile v1


"@cloudbase/weda-client@stable":
  version "0.1.11"
  resolved "https://mirrors.tencent.com/npm/@cloudbase%2fweda-client/-/weda-client-0.1.11.tgz"
  integrity sha512-9TObiePg/WA0m39DV3hb5Plra4q0my1bqyouHymcCueT3nuatx+H/CfodsbDCZLTBDKrBrbZzmbeXwGcfjxLZA==
  dependencies:
    "@cloudbase/weda-cloud-sdk" "^1.0.1"
    miniprogram-api-promise "^1.0.4"

"@cloudbase/weda-cloud-sdk@^1.0.1":
  version "1.0.7"
  resolved "https://mirrors.tencent.com/npm/@cloudbase%2fweda-cloud-sdk/-/weda-cloud-sdk-1.0.7.tgz"
  integrity sha512-dOJcAw6646/Txhvm67WgeiYTYa+SpbgIIjcm8zyEXU7GUT38GMkQ4TrTDATY7ql/qYf8N6QC0PPGgi9OS8X5gw==

lodash.get@^4.4.2:
  version "4.4.2"
  resolved "https://mirrors.tencent.com/npm/lodash.get/-/lodash.get-4.4.2.tgz"
  integrity "sha1-LRd/ZS+jHpObRDjVNBSZ36OCXpk= sha512-z+Uw/vLuy6gQe8cfaFWD7p0wVv8fJl3mbzXh33RS+0oW2wvUqiRXiQ69gLWSLpgB5/6sU+r6BlQR0MBILadqTQ=="

lodash.set@^4.3.2:
  version "4.3.2"
  resolved "https://mirrors.tencent.com/npm/lodash.set/-/lodash.set-4.3.2.tgz"
  integrity "sha1-2HV7HagH3eJIFrDWqEvqGnYjCyM= sha512-4hNPN5jlm/N/HLMCO43v8BXKq9Z7QdAGc/VGrRD61w8gN9g/6jF9A4L1pbUgBLCffi0w9VsXfTOij5x8iTyFvg=="

miniprogram-api-promise@^1.0.4:
  version "1.0.4"
  resolved "https://mirrors.tencent.com/npm/miniprogram-api-promise/-/miniprogram-api-promise-1.0.4.tgz"
  integrity sha512-lS2ukj03Ugy8IJUDmdssklLT4kjzyRtVYwErhyDZkzxtqcxaed2xldRgNrsikigeMUBR9gAs7wgnjSKPlyKIYg==

miniprogram-gesture@^1.0.6:
  version "1.0.6"
  resolved "https://mirrors.tencent.com/npm/miniprogram-gesture/-/miniprogram-gesture-1.0.6.tgz"
  integrity sha512-9Zs0dCsj1wlCT2nKhMraEeAakvp09yyhFi/EjXmveRpsNNPhUSXWXUsicIFWywTvdsQ8bAl0cocN9JIZpkMzDg==

mobx@^5.15.4:
  version "5.15.7"
  resolved "https://mirrors.tencent.com/npm/mobx/-/mobx-5.15.7.tgz"
  integrity sha512-wyM3FghTkhmC+hQjyPGGFdpehrcX1KOXsDuERhfK2YbJemkUhEB+6wzEN639T21onxlfYBmriA1PFnvxTUhcKw==
